// !$*UTF8*$!
{
	archiveVersion = 1;
	classes = {
	};
	objectVersion = 46;
	objects = {

/* Begin PBXBuildFile section */
		10133A711E48F30100A33207 /* main.m in Sources */ = {isa = PBXBuildFile; fileRef = 10133A701E48F30100A33207 /* main.m */; };
		10133A741E48F30100A33207 /* AppDelegate.m in Sources */ = {isa = PBXBuildFile; fileRef = 10133A731E48F30100A33207 /* AppDelegate.m */; };
		10133A7C1E48F30100A33207 /* Assets.xcassets in Resources */ = {isa = PBXBuildFile; fileRef = 10133A7B1E48F30100A33207 /* Assets.xcassets */; };
		10133A951E48F30100A33207 /* XZDataLayerViewerUITests.m in Sources */ = {isa = PBXBuildFile; fileRef = 10133A941E48F30100A33207 /* XZDataLayerViewerUITests.m */; };
		10133AB41E48F39500A33207 /* libAdIdAccess.a in Frameworks */ = {isa = PBXBuildFile; fileRef = 10133AAD1E48F39500A33207 /* libAdIdAccess.a */; };
		10133AB51E48F39500A33207 /* libGoogleAnalyticsServices.a in Frameworks */ = {isa = PBXBuildFile; fileRef = 10133AAE1E48F39500A33207 /* libGoogleAnalyticsServices.a */; };
		1024C2C51E59407D00B801FF /* UIDevice+SystemVersion.m in Sources */ = {isa = PBXBuildFile; fileRef = 1024C2C41E59407D00B801FF /* UIDevice+SystemVersion.m */; };
		109E51301E4F79350044305D /* ArrayDataSource.m in Sources */ = {isa = PBXBuildFile; fileRef = 109E51161E4F79350044305D /* ArrayDataSource.m */; };
		109E51331E4F79350044305D /* DataSourceFabric.m in Sources */ = {isa = PBXBuildFile; fileRef = 109E51181E4F79350044305D /* DataSourceFabric.m */; };
		109E51361E4F79350044305D /* DictionaryDataSource.m in Sources */ = {isa = PBXBuildFile; fileRef = 109E511B1E4F79350044305D /* DictionaryDataSource.m */; };
		109E51391E4F79350044305D /* HistoryDataSource.m in Sources */ = {isa = PBXBuildFile; fileRef = 109E511D1E4F79350044305D /* HistoryDataSource.m */; };
		109E513C1E4F79350044305D /* ViewController.m in Sources */ = {isa = PBXBuildFile; fileRef = 109E51201E4F79350044305D /* ViewController.m */; };
		109E513F1E4F79350044305D /* ViewModel.m in Sources */ = {isa = PBXBuildFile; fileRef = 109E51231E4F79350044305D /* ViewModel.m */; };
		109E51421E4F79350044305D /* EventHistoryElement.m in Sources */ = {isa = PBXBuildFile; fileRef = 109E51261E4F79350044305D /* EventHistoryElement.m */; };
		109E51451E4F79350044305D /* DataLayerHistoryWriter.m in Sources */ = {isa = PBXBuildFile; fileRef = 109E51291E4F79350044305D /* DataLayerHistoryWriter.m */; };
		109E51481E4F79350044305D /* DataLayerObserver.m in Sources */ = {isa = PBXBuildFile; fileRef = 109E512B1E4F79350044305D /* DataLayerObserver.m */; };
		109E514B1E4F79350044305D /* MemoryEventsHistoryStore.m in Sources */ = {isa = PBXBuildFile; fileRef = 109E512E1E4F79350044305D /* MemoryEventsHistoryStore.m */; };
		109E514E1E4F7AE00044305D /* SystemConfiguration.framework in Frameworks */ = {isa = PBXBuildFile; fileRef = 10A684AE1E48F81200702265 /* SystemConfiguration.framework */; };
		109E514F1E4F7AE70044305D /* CoreData.framework in Frameworks */ = {isa = PBXBuildFile; fileRef = 10A684AC1E48F7D700702265 /* CoreData.framework */; };
		109E51501E4F7AF00044305D /* libsqlite3.tbd in Frameworks */ = {isa = PBXBuildFile; fileRef = 10A684A61E48F72E00702265 /* libsqlite3.tbd */; };
		109E51511E4F7AF50044305D /* libz.tbd in Frameworks */ = {isa = PBXBuildFile; fileRef = 10A684A81E48F73600702265 /* libz.tbd */; };
		109E51521E4F7B000044305D /* libAdIdAccess.a in Frameworks */ = {isa = PBXBuildFile; fileRef = 10133AAD1E48F39500A33207 /* libAdIdAccess.a */; };
		109E51531E4F7B020044305D /* libGoogleAnalyticsServices.a in Frameworks */ = {isa = PBXBuildFile; fileRef = 10133AAE1E48F39500A33207 /* libGoogleAnalyticsServices.a */; };
		109E51541E4F7B1C0044305D /* libz.tbd in Frameworks */ = {isa = PBXBuildFile; fileRef = 10A684A81E48F73600702265 /* libz.tbd */; };
		109E51551E4F7B220044305D /* libsqlite3.tbd in Frameworks */ = {isa = PBXBuildFile; fileRef = 10A684A61E48F72E00702265 /* libsqlite3.tbd */; };
		109E51561E4F7B270044305D /* SystemConfiguration.framework in Frameworks */ = {isa = PBXBuildFile; fileRef = 10A684AE1E48F81200702265 /* SystemConfiguration.framework */; };
		109E51571E4F7B2C0044305D /* CoreData.framework in Frameworks */ = {isa = PBXBuildFile; fileRef = 10A684AC1E48F7D700702265 /* CoreData.framework */; };
		109E51581E4F7B330044305D /* libAdIdAccess.a in Frameworks */ = {isa = PBXBuildFile; fileRef = 10133AAD1E48F39500A33207 /* libAdIdAccess.a */; };
		109E51591E4F7B360044305D /* libGoogleAnalyticsServices.a in Frameworks */ = {isa = PBXBuildFile; fileRef = 10133AAE1E48F39500A33207 /* libGoogleAnalyticsServices.a */; };
		10A684AA1E48F7AC00702265 /* libz.tbd in Frameworks */ = {isa = PBXBuildFile; fileRef = 10A684A81E48F73600702265 /* libz.tbd */; };
		10A684AB1E48F7B500702265 /* libsqlite3.tbd in Frameworks */ = {isa = PBXBuildFile; fileRef = 10A684A61E48F72E00702265 /* libsqlite3.tbd */; };
		10A684AD1E48F7D700702265 /* CoreData.framework in Frameworks */ = {isa = PBXBuildFile; fileRef = 10A684AC1E48F7D700702265 /* CoreData.framework */; };
		10A684AF1E48F81200702265 /* SystemConfiguration.framework in Frameworks */ = {isa = PBXBuildFile; fileRef = 10A684AE1E48F81200702265 /* SystemConfiguration.framework */; };
		10FE113A1E4FA288008C2437 /* EventHistoryElementTest.m in Sources */ = {isa = PBXBuildFile; fileRef = 10FE11391E4FA288008C2437 /* EventHistoryElementTest.m */; };
		10FE113F1E4FAB4F008C2437 /* AdSupport.framework in Frameworks */ = {isa = PBXBuildFile; fileRef = 10FE113E1E4FAB4F008C2437 /* AdSupport.framework */; };
		10FE11411E4FB06B008C2437 /* DataLayerHistoryWriterTest.m in Sources */ = {isa = PBXBuildFile; fileRef = 10FE11401E4FB06B008C2437 /* DataLayerHistoryWriterTest.m */; };
		7010CD241E667BFB00845CF2 /* MemoryEventsHistoryStoreTest.m in Sources */ = {isa = PBXBuildFile; fileRef = 7010CD231E667BFB00845CF2 /* MemoryEventsHistoryStoreTest.m */; };
		7034623B1E660FEB00FFEEAF /* ArrayDataSource.m in Sources */ = {isa = PBXBuildFile; fileRef = 109E51161E4F79350044305D /* ArrayDataSource.m */; };
		7034623C1E660FEB00FFEEAF /* DataSourceFabric.m in Sources */ = {isa = PBXBuildFile; fileRef = 109E51181E4F79350044305D /* DataSourceFabric.m */; };
		7034623D1E660FEB00FFEEAF /* DictionaryDataSource.m in Sources */ = {isa = PBXBuildFile; fileRef = 109E511B1E4F79350044305D /* DictionaryDataSource.m */; };
		7034623E1E660FEB00FFEEAF /* HistoryDataSource.m in Sources */ = {isa = PBXBuildFile; fileRef = 109E511D1E4F79350044305D /* HistoryDataSource.m */; };
		7034623F1E660FEB00FFEEAF /* ViewController.m in Sources */ = {isa = PBXBuildFile; fileRef = 109E51201E4F79350044305D /* ViewController.m */; };
		703462401E660FEB00FFEEAF /* ViewModel.m in Sources */ = {isa = PBXBuildFile; fileRef = 109E51231E4F79350044305D /* ViewModel.m */; };
		703462411E660FEB00FFEEAF /* EventHistoryElement.m in Sources */ = {isa = PBXBuildFile; fileRef = 109E51261E4F79350044305D /* EventHistoryElement.m */; };
		703462421E660FEB00FFEEAF /* DataLayerHistoryWriter.m in Sources */ = {isa = PBXBuildFile; fileRef = 109E51291E4F79350044305D /* DataLayerHistoryWriter.m */; };
		703462431E660FEB00FFEEAF /* DataLayerObserver.m in Sources */ = {isa = PBXBuildFile; fileRef = 109E512B1E4F79350044305D /* DataLayerObserver.m */; };
		703462441E660FEB00FFEEAF /* MemoryEventsHistoryStore.m in Sources */ = {isa = PBXBuildFile; fileRef = 109E512E1E4F79350044305D /* MemoryEventsHistoryStore.m */; };
		703462451E660FEB00FFEEAF /* UIDevice+SystemVersion.m in Sources */ = {isa = PBXBuildFile; fileRef = 1024C2C41E59407D00B801FF /* UIDevice+SystemVersion.m */; };
		703462461E660FEB00FFEEAF /* TAGDataLayer+CustomProperties.m in Sources */ = {isa = PBXBuildFile; fileRef = 70A98DF01E65F0600088DC38 /* TAGDataLayer+CustomProperties.m */; };
		7080A83E1E5E367D0046189A /* UIDevice+SystemVersionTest.m in Sources */ = {isa = PBXBuildFile; fileRef = 1024C2BA1E593FEC00B801FF /* UIDevice+SystemVersionTest.m */; };
		708F18981E65F3F9008661C2 /* TAGDataLayer+CustomPropertiesTest.m in Sources */ = {isa = PBXBuildFile; fileRef = 708F18971E65F3F9008661C2 /* TAGDataLayer+CustomPropertiesTest.m */; };
		709AC4941E652A0E00B8F34B /* AdSupport.framework in Frameworks */ = {isa = PBXBuildFile; fileRef = 10FE113E1E4FAB4F008C2437 /* AdSupport.framework */; };
		709AC4961E652E7F00B8F34B /* DataLayerObserverTest.m in Sources */ = {isa = PBXBuildFile; fileRef = 709AC4951E652E7F00B8F34B /* DataLayerObserverTest.m */; };
		70A98DF11E65F0600088DC38 /* TAGDataLayer+CustomProperties.m in Sources */ = {isa = PBXBuildFile; fileRef = 70A98DF01E65F0600088DC38 /* TAGDataLayer+CustomProperties.m */; };
		70FA92531E67CD1B0019680F /* DataSourceFabricTest.m in Sources */ = {isa = PBXBuildFile; fileRef = 70FA92521E67CD1B0019680F /* DataSourceFabricTest.m */; };
		70FA92551E67D2180019680F /* ArrayDataSourceTest.m in Sources */ = {isa = PBXBuildFile; fileRef = 70FA92541E67D2180019680F /* ArrayDataSourceTest.m */; };
		751F3E0B301FC6C08C769A58 /* libPods-XZDataLayerViewerTests.a in Frameworks */ = {isa = PBXBuildFile; fileRef = 4FB0507C30EF3DF8823A535C /* libPods-XZDataLayerViewerTests.a */; };
/* End PBXBuildFile section */

/* Begin PBXContainerItemProxy section */
		10133A911E48F30100A33207 /* PBXContainerItemProxy */ = {
			isa = PBXContainerItemProxy;
			containerPortal = 10133A641E48F30100A33207 /* Project object */;
			proxyType = 1;
			remoteGlobalIDString = 10133A6B1E48F30100A33207;
			remoteInfo = XZDataLayerViewer;
		};
/* End PBXContainerItemProxy section */

/* Begin PBXFileReference section */
		10133A6C1E48F30100A33207 /* XZDataLayerViewer.app */ = {isa = PBXFileReference; explicitFileType = wrapper.application; includeInIndex = 0; path = XZDataLayerViewer.app; sourceTree = BUILT_PRODUCTS_DIR; };
		10133A701E48F30100A33207 /* main.m */ = {isa = PBXFileReference; lastKnownFileType = sourcecode.c.objc; path = main.m; sourceTree = "<group>"; };
		10133A721E48F30100A33207 /* AppDelegate.h */ = {isa = PBXFileReference; lastKnownFileType = sourcecode.c.h; path = AppDelegate.h; sourceTree = "<group>"; };
		10133A731E48F30100A33207 /* AppDelegate.m */ = {isa = PBXFileReference; lastKnownFileType = sourcecode.c.objc; path = AppDelegate.m; sourceTree = "<group>"; };
		10133A7B1E48F30100A33207 /* Assets.xcassets */ = {isa = PBXFileReference; lastKnownFileType = folder.assetcatalog; path = Assets.xcassets; sourceTree = "<group>"; };
		10133A801E48F30100A33207 /* Info.plist */ = {isa = PBXFileReference; lastKnownFileType = text.plist.xml; path = Info.plist; sourceTree = "<group>"; };
		10133A851E48F30100A33207 /* XZDataLayerViewerUnitTests.xctest */ = {isa = PBXFileReference; explicitFileType = wrapper.cfbundle; includeInIndex = 0; path = XZDataLayerViewerUnitTests.xctest; sourceTree = BUILT_PRODUCTS_DIR; };
		10133A8B1E48F30100A33207 /* Info.plist */ = {isa = PBXFileReference; lastKnownFileType = text.plist.xml; path = Info.plist; sourceTree = "<group>"; };
		10133A901E48F30100A33207 /* XZDataLayerViewerUITests.xctest */ = {isa = PBXFileReference; explicitFileType = wrapper.cfbundle; includeInIndex = 0; path = XZDataLayerViewerUITests.xctest; sourceTree = BUILT_PRODUCTS_DIR; };
		10133A941E48F30100A33207 /* XZDataLayerViewerUITests.m */ = {isa = PBXFileReference; lastKnownFileType = sourcecode.c.objc; path = XZDataLayerViewerUITests.m; sourceTree = "<group>"; };
		10133A961E48F30100A33207 /* Info.plist */ = {isa = PBXFileReference; lastKnownFileType = text.plist.xml; path = Info.plist; sourceTree = "<group>"; };
		10133AA31E48F39500A33207 /* GAI.h */ = {isa = PBXFileReference; fileEncoding = 4; lastKnownFileType = sourcecode.c.h; path = GAI.h; sourceTree = "<group>"; };
		10133AA41E48F39500A33207 /* GAIDictionaryBuilder.h */ = {isa = PBXFileReference; fileEncoding = 4; lastKnownFileType = sourcecode.c.h; path = GAIDictionaryBuilder.h; sourceTree = "<group>"; };
		10133AA51E48F39500A33207 /* GAIEcommerceFields.h */ = {isa = PBXFileReference; fileEncoding = 4; lastKnownFileType = sourcecode.c.h; path = GAIEcommerceFields.h; sourceTree = "<group>"; };
		10133AA61E48F39500A33207 /* GAIEcommerceProduct.h */ = {isa = PBXFileReference; fileEncoding = 4; lastKnownFileType = sourcecode.c.h; path = GAIEcommerceProduct.h; sourceTree = "<group>"; };
		10133AA71E48F39500A33207 /* GAIEcommerceProductAction.h */ = {isa = PBXFileReference; fileEncoding = 4; lastKnownFileType = sourcecode.c.h; path = GAIEcommerceProductAction.h; sourceTree = "<group>"; };
		10133AA81E48F39500A33207 /* GAIEcommercePromotion.h */ = {isa = PBXFileReference; fileEncoding = 4; lastKnownFileType = sourcecode.c.h; path = GAIEcommercePromotion.h; sourceTree = "<group>"; };
		10133AA91E48F39500A33207 /* GAIFields.h */ = {isa = PBXFileReference; fileEncoding = 4; lastKnownFileType = sourcecode.c.h; path = GAIFields.h; sourceTree = "<group>"; };
		10133AAA1E48F39500A33207 /* GAILogger.h */ = {isa = PBXFileReference; fileEncoding = 4; lastKnownFileType = sourcecode.c.h; path = GAILogger.h; sourceTree = "<group>"; };
		10133AAB1E48F39500A33207 /* GAITrackedViewController.h */ = {isa = PBXFileReference; fileEncoding = 4; lastKnownFileType = sourcecode.c.h; path = GAITrackedViewController.h; sourceTree = "<group>"; };
		10133AAC1E48F39500A33207 /* GAITracker.h */ = {isa = PBXFileReference; fileEncoding = 4; lastKnownFileType = sourcecode.c.h; path = GAITracker.h; sourceTree = "<group>"; };
		10133AAD1E48F39500A33207 /* libAdIdAccess.a */ = {isa = PBXFileReference; lastKnownFileType = archive.ar; path = libAdIdAccess.a; sourceTree = "<group>"; };
		10133AAE1E48F39500A33207 /* libGoogleAnalyticsServices.a */ = {isa = PBXFileReference; lastKnownFileType = archive.ar; path = libGoogleAnalyticsServices.a; sourceTree = "<group>"; };
		10133AAF1E48F39500A33207 /* TAGContainer.h */ = {isa = PBXFileReference; fileEncoding = 4; lastKnownFileType = sourcecode.c.h; path = TAGContainer.h; sourceTree = "<group>"; };
		10133AB01E48F39500A33207 /* TAGContainerOpener.h */ = {isa = PBXFileReference; fileEncoding = 4; lastKnownFileType = sourcecode.c.h; path = TAGContainerOpener.h; sourceTree = "<group>"; };
		10133AB11E48F39500A33207 /* TAGDataLayer.h */ = {isa = PBXFileReference; fileEncoding = 4; lastKnownFileType = sourcecode.c.h; path = TAGDataLayer.h; sourceTree = "<group>"; };
		10133AB21E48F39500A33207 /* TAGLogger.h */ = {isa = PBXFileReference; fileEncoding = 4; lastKnownFileType = sourcecode.c.h; path = TAGLogger.h; sourceTree = "<group>"; };
		10133AB31E48F39500A33207 /* TAGManager.h */ = {isa = PBXFileReference; fileEncoding = 4; lastKnownFileType = sourcecode.c.h; path = TAGManager.h; sourceTree = "<group>"; };
		1024C2BA1E593FEC00B801FF /* UIDevice+SystemVersionTest.m */ = {isa = PBXFileReference; fileEncoding = 4; lastKnownFileType = sourcecode.c.objc; path = "UIDevice+SystemVersionTest.m"; sourceTree = "<group>"; };
		1024C2C31E59407D00B801FF /* UIDevice+SystemVersion.h */ = {isa = PBXFileReference; fileEncoding = 4; lastKnownFileType = sourcecode.c.h; path = "UIDevice+SystemVersion.h"; sourceTree = "<group>"; };
		1024C2C41E59407D00B801FF /* UIDevice+SystemVersion.m */ = {isa = PBXFileReference; fileEncoding = 4; lastKnownFileType = sourcecode.c.objc; path = "UIDevice+SystemVersion.m"; sourceTree = "<group>"; };
		109E51151E4F79350044305D /* ArrayDataSource.h */ = {isa = PBXFileReference; fileEncoding = 4; lastKnownFileType = sourcecode.c.h; path = ArrayDataSource.h; sourceTree = "<group>"; };
		109E51161E4F79350044305D /* ArrayDataSource.m */ = {isa = PBXFileReference; fileEncoding = 4; lastKnownFileType = sourcecode.c.objc; path = ArrayDataSource.m; sourceTree = "<group>"; };
		109E51171E4F79350044305D /* DataSourceFabric.h */ = {isa = PBXFileReference; fileEncoding = 4; lastKnownFileType = sourcecode.c.h; path = DataSourceFabric.h; sourceTree = "<group>"; };
		109E51181E4F79350044305D /* DataSourceFabric.m */ = {isa = PBXFileReference; fileEncoding = 4; lastKnownFileType = sourcecode.c.objc; path = DataSourceFabric.m; sourceTree = "<group>"; };
		109E51191E4F79350044305D /* DataSourceProtocol.h */ = {isa = PBXFileReference; fileEncoding = 4; lastKnownFileType = sourcecode.c.h; path = DataSourceProtocol.h; sourceTree = "<group>"; };
		109E511A1E4F79350044305D /* DictionaryDataSource.h */ = {isa = PBXFileReference; fileEncoding = 4; lastKnownFileType = sourcecode.c.h; path = DictionaryDataSource.h; sourceTree = "<group>"; };
		109E511B1E4F79350044305D /* DictionaryDataSource.m */ = {isa = PBXFileReference; fileEncoding = 4; lastKnownFileType = sourcecode.c.objc; path = DictionaryDataSource.m; sourceTree = "<group>"; };
		109E511C1E4F79350044305D /* HistoryDataSource.h */ = {isa = PBXFileReference; fileEncoding = 4; lastKnownFileType = sourcecode.c.h; path = HistoryDataSource.h; sourceTree = "<group>"; };
		109E511D1E4F79350044305D /* HistoryDataSource.m */ = {isa = PBXFileReference; fileEncoding = 4; lastKnownFileType = sourcecode.c.objc; path = HistoryDataSource.m; sourceTree = "<group>"; };
		109E511F1E4F79350044305D /* ViewController.h */ = {isa = PBXFileReference; fileEncoding = 4; lastKnownFileType = sourcecode.c.h; path = ViewController.h; sourceTree = "<group>"; };
		109E51201E4F79350044305D /* ViewController.m */ = {isa = PBXFileReference; fileEncoding = 4; lastKnownFileType = sourcecode.c.objc; path = ViewController.m; sourceTree = "<group>"; };
		109E51221E4F79350044305D /* ViewModel.h */ = {isa = PBXFileReference; fileEncoding = 4; lastKnownFileType = sourcecode.c.h; path = ViewModel.h; sourceTree = "<group>"; };
		109E51231E4F79350044305D /* ViewModel.m */ = {isa = PBXFileReference; fileEncoding = 4; lastKnownFileType = sourcecode.c.objc; path = ViewModel.m; sourceTree = "<group>"; };
		109E51251E4F79350044305D /* EventHistoryElement.h */ = {isa = PBXFileReference; fileEncoding = 4; lastKnownFileType = sourcecode.c.h; path = EventHistoryElement.h; sourceTree = "<group>"; };
		109E51261E4F79350044305D /* EventHistoryElement.m */ = {isa = PBXFileReference; fileEncoding = 4; lastKnownFileType = sourcecode.c.objc; path = EventHistoryElement.m; sourceTree = "<group>"; };
		109E51281E4F79350044305D /* DataLayerHistoryWriter.h */ = {isa = PBXFileReference; fileEncoding = 4; lastKnownFileType = sourcecode.c.h; path = DataLayerHistoryWriter.h; sourceTree = "<group>"; };
		109E51291E4F79350044305D /* DataLayerHistoryWriter.m */ = {isa = PBXFileReference; fileEncoding = 4; lastKnownFileType = sourcecode.c.objc; path = DataLayerHistoryWriter.m; sourceTree = "<group>"; };
		109E512A1E4F79350044305D /* DataLayerObserver.h */ = {isa = PBXFileReference; fileEncoding = 4; lastKnownFileType = sourcecode.c.h; path = DataLayerObserver.h; sourceTree = "<group>"; };
		109E512B1E4F79350044305D /* DataLayerObserver.m */ = {isa = PBXFileReference; fileEncoding = 4; lastKnownFileType = sourcecode.c.objc; path = DataLayerObserver.m; sourceTree = "<group>"; };
		109E512D1E4F79350044305D /* MemoryEventsHistoryStore.h */ = {isa = PBXFileReference; fileEncoding = 4; lastKnownFileType = sourcecode.c.h; path = MemoryEventsHistoryStore.h; sourceTree = "<group>"; };
		109E512E1E4F79350044305D /* MemoryEventsHistoryStore.m */ = {isa = PBXFileReference; fileEncoding = 4; lastKnownFileType = sourcecode.c.objc; path = MemoryEventsHistoryStore.m; sourceTree = "<group>"; };
		109E512F1E4F79350044305D /* StoreProtocol.h */ = {isa = PBXFileReference; fileEncoding = 4; lastKnownFileType = sourcecode.c.h; path = StoreProtocol.h; sourceTree = "<group>"; };
		10A684A61E48F72E00702265 /* libsqlite3.tbd */ = {isa = PBXFileReference; lastKnownFileType = "sourcecode.text-based-dylib-definition"; name = libsqlite3.tbd; path = usr/lib/libsqlite3.tbd; sourceTree = SDKROOT; };
		10A684A81E48F73600702265 /* libz.tbd */ = {isa = PBXFileReference; lastKnownFileType = "sourcecode.text-based-dylib-definition"; name = libz.tbd; path = usr/lib/libz.tbd; sourceTree = SDKROOT; };
		10A684AC1E48F7D700702265 /* CoreData.framework */ = {isa = PBXFileReference; lastKnownFileType = wrapper.framework; name = CoreData.framework; path = System/Library/Frameworks/CoreData.framework; sourceTree = SDKROOT; };
		10A684AE1E48F81200702265 /* SystemConfiguration.framework */ = {isa = PBXFileReference; lastKnownFileType = wrapper.framework; name = SystemConfiguration.framework; path = System/Library/Frameworks/SystemConfiguration.framework; sourceTree = SDKROOT; };
		10FE11391E4FA288008C2437 /* EventHistoryElementTest.m */ = {isa = PBXFileReference; fileEncoding = 4; lastKnownFileType = sourcecode.c.objc; path = EventHistoryElementTest.m; sourceTree = "<group>"; };
		10FE113B1E4FA2C7008C2437 /* TestsPrefix.pch */ = {isa = PBXFileReference; fileEncoding = 4; lastKnownFileType = sourcecode.c.h; path = TestsPrefix.pch; sourceTree = "<group>"; };
		10FE113E1E4FAB4F008C2437 /* AdSupport.framework */ = {isa = PBXFileReference; lastKnownFileType = wrapper.framework; name = AdSupport.framework; path = System/Library/Frameworks/AdSupport.framework; sourceTree = SDKROOT; };
		10FE11401E4FB06B008C2437 /* DataLayerHistoryWriterTest.m */ = {isa = PBXFileReference; fileEncoding = 4; lastKnownFileType = sourcecode.c.objc; path = DataLayerHistoryWriterTest.m; sourceTree = "<group>"; };
		4FB0507C30EF3DF8823A535C /* libPods-XZDataLayerViewerTests.a */ = {isa = PBXFileReference; explicitFileType = archive.ar; includeInIndex = 0; path = "libPods-XZDataLayerViewerTests.a"; sourceTree = BUILT_PRODUCTS_DIR; };
		6A81FE06223BE4DE47AF516F /* Pods-XZDataLayerViewerTests.debug.xcconfig */ = {isa = PBXFileReference; includeInIndex = 1; lastKnownFileType = text.xcconfig; name = "Pods-XZDataLayerViewerTests.debug.xcconfig"; path = "Pods/Target Support Files/Pods-XZDataLayerViewerTests/Pods-XZDataLayerViewerTests.debug.xcconfig"; sourceTree = "<group>"; };
		7010CD231E667BFB00845CF2 /* MemoryEventsHistoryStoreTest.m */ = {isa = PBXFileReference; fileEncoding = 4; lastKnownFileType = sourcecode.c.objc; path = MemoryEventsHistoryStoreTest.m; sourceTree = "<group>"; };
		708F18971E65F3F9008661C2 /* TAGDataLayer+CustomPropertiesTest.m */ = {isa = PBXFileReference; fileEncoding = 4; lastKnownFileType = sourcecode.c.objc; path = "TAGDataLayer+CustomPropertiesTest.m"; sourceTree = "<group>"; };
		709AC4951E652E7F00B8F34B /* DataLayerObserverTest.m */ = {isa = PBXFileReference; fileEncoding = 4; lastKnownFileType = sourcecode.c.objc; path = DataLayerObserverTest.m; sourceTree = "<group>"; };
		70A98DEF1E65F0600088DC38 /* TAGDataLayer+CustomProperties.h */ = {isa = PBXFileReference; fileEncoding = 4; lastKnownFileType = sourcecode.c.h; path = "TAGDataLayer+CustomProperties.h"; sourceTree = "<group>"; };
		70A98DF01E65F0600088DC38 /* TAGDataLayer+CustomProperties.m */ = {isa = PBXFileReference; fileEncoding = 4; lastKnownFileType = sourcecode.c.objc; path = "TAGDataLayer+CustomProperties.m"; sourceTree = "<group>"; };
		70FA92521E67CD1B0019680F /* DataSourceFabricTest.m */ = {isa = PBXFileReference; fileEncoding = 4; lastKnownFileType = sourcecode.c.objc; path = DataSourceFabricTest.m; sourceTree = "<group>"; };
		70FA92541E67D2180019680F /* ArrayDataSourceTest.m */ = {isa = PBXFileReference; fileEncoding = 4; lastKnownFileType = sourcecode.c.objc; path = ArrayDataSourceTest.m; sourceTree = "<group>"; };
		F3FD318C749F2511A704AD4B /* Pods-XZDataLayerViewerTests.release.xcconfig */ = {isa = PBXFileReference; includeInIndex = 1; lastKnownFileType = text.xcconfig; name = "Pods-XZDataLayerViewerTests.release.xcconfig"; path = "Pods/Target Support Files/Pods-XZDataLayerViewerTests/Pods-XZDataLayerViewerTests.release.xcconfig"; sourceTree = "<group>"; };
/* End PBXFileReference section */

/* Begin PBXFrameworksBuildPhase section */
		10133A691E48F30100A33207 /* Frameworks */ = {
			isa = PBXFrameworksBuildPhase;
			buildActionMask = 2147483647;
			files = (
				709AC4941E652A0E00B8F34B /* AdSupport.framework in Frameworks */,
				10A684AF1E48F81200702265 /* SystemConfiguration.framework in Frameworks */,
				10A684AD1E48F7D700702265 /* CoreData.framework in Frameworks */,
				10A684AB1E48F7B500702265 /* libsqlite3.tbd in Frameworks */,
				10A684AA1E48F7AC00702265 /* libz.tbd in Frameworks */,
				10133AB41E48F39500A33207 /* libAdIdAccess.a in Frameworks */,
				10133AB51E48F39500A33207 /* libGoogleAnalyticsServices.a in Frameworks */,
			);
			runOnlyForDeploymentPostprocessing = 0;
		};
		10133A821E48F30100A33207 /* Frameworks */ = {
			isa = PBXFrameworksBuildPhase;
			buildActionMask = 2147483647;
			files = (
				10FE113F1E4FAB4F008C2437 /* AdSupport.framework in Frameworks */,
				109E51511E4F7AF50044305D /* libz.tbd in Frameworks */,
				109E51501E4F7AF00044305D /* libsqlite3.tbd in Frameworks */,
				109E514F1E4F7AE70044305D /* CoreData.framework in Frameworks */,
				109E514E1E4F7AE00044305D /* SystemConfiguration.framework in Frameworks */,
				109E51531E4F7B020044305D /* libGoogleAnalyticsServices.a in Frameworks */,
				109E51521E4F7B000044305D /* libAdIdAccess.a in Frameworks */,
				751F3E0B301FC6C08C769A58 /* libPods-XZDataLayerViewerTests.a in Frameworks */,
			);
			runOnlyForDeploymentPostprocessing = 0;
		};
		10133A8D1E48F30100A33207 /* Frameworks */ = {
			isa = PBXFrameworksBuildPhase;
			buildActionMask = 2147483647;
			files = (
				109E51571E4F7B2C0044305D /* CoreData.framework in Frameworks */,
				109E51561E4F7B270044305D /* SystemConfiguration.framework in Frameworks */,
				109E51551E4F7B220044305D /* libsqlite3.tbd in Frameworks */,
				109E51541E4F7B1C0044305D /* libz.tbd in Frameworks */,
				109E51581E4F7B330044305D /* libAdIdAccess.a in Frameworks */,
				109E51591E4F7B360044305D /* libGoogleAnalyticsServices.a in Frameworks */,
			);
			runOnlyForDeploymentPostprocessing = 0;
		};
/* End PBXFrameworksBuildPhase section */

/* Begin PBXGroup section */
		10133A631E48F30100A33207 = {
			isa = PBXGroup;
			children = (
				10133A6E1E48F30100A33207 /* XZDataLayerViewer */,
				10133A881E48F30100A33207 /* XZDataLayerViewerTests */,
				10133A931E48F30100A33207 /* XZDataLayerViewerUITests */,
				10133A6D1E48F30100A33207 /* Products */,
				10A684A51E48F72D00702265 /* Frameworks */,
				FB575A48F118CCAA6B53EC5E /* Pods */,
			);
			sourceTree = "<group>";
		};
		10133A6D1E48F30100A33207 /* Products */ = {
			isa = PBXGroup;
			children = (
				10133A6C1E48F30100A33207 /* XZDataLayerViewer.app */,
				10133A851E48F30100A33207 /* XZDataLayerViewerUnitTests.xctest */,
				10133A901E48F30100A33207 /* XZDataLayerViewerUITests.xctest */,
			);
			name = Products;
			sourceTree = "<group>";
		};
		10133A6E1E48F30100A33207 /* XZDataLayerViewer */ = {
			isa = PBXGroup;
			children = (
				109E51131E4F79350044305D /* Viewer */,
				109E51241E4F79350044305D /* Model */,
				109E51271E4F79350044305D /* Logger */,
				109E512C1E4F79350044305D /* Store */,
				1024C2C21E59407D00B801FF /* Categories */,
				10133A721E48F30100A33207 /* AppDelegate.h */,
				10133A731E48F30100A33207 /* AppDelegate.m */,
				10133A7B1E48F30100A33207 /* Assets.xcassets */,
				10133AA21E48F39500A33207 /* GASDK */,
				10133A801E48F30100A33207 /* Info.plist */,
				10133A6F1E48F30100A33207 /* Supporting Files */,
			);
			path = XZDataLayerViewer;
			sourceTree = "<group>";
		};
		10133A6F1E48F30100A33207 /* Supporting Files */ = {
			isa = PBXGroup;
			children = (
				10133A701E48F30100A33207 /* main.m */,
			);
			name = "Supporting Files";
			sourceTree = "<group>";
		};
		10133A881E48F30100A33207 /* XZDataLayerViewerTests */ = {
			isa = PBXGroup;
			children = (
				10FE11401E4FB06B008C2437 /* DataLayerHistoryWriterTest.m */,
				709AC4951E652E7F00B8F34B /* DataLayerObserverTest.m */,
				10FE11391E4FA288008C2437 /* EventHistoryElementTest.m */,
				10133A8B1E48F30100A33207 /* Info.plist */,
				10FE113B1E4FA2C7008C2437 /* TestsPrefix.pch */,
				1024C2BA1E593FEC00B801FF /* UIDevice+SystemVersionTest.m */,
				708F18971E65F3F9008661C2 /* TAGDataLayer+CustomPropertiesTest.m */,
				7010CD231E667BFB00845CF2 /* MemoryEventsHistoryStoreTest.m */,
				70FA92521E67CD1B0019680F /* DataSourceFabricTest.m */,
				70FA92541E67D2180019680F /* ArrayDataSourceTest.m */,
			);
			path = XZDataLayerViewerTests;
			sourceTree = "<group>";
		};
		10133A931E48F30100A33207 /* XZDataLayerViewerUITests */ = {
			isa = PBXGroup;
			children = (
				10133A941E48F30100A33207 /* XZDataLayerViewerUITests.m */,
				10133A961E48F30100A33207 /* Info.plist */,
			);
			path = XZDataLayerViewerUITests;
			sourceTree = "<group>";
		};
		10133AA21E48F39500A33207 /* GASDK */ = {
			isa = PBXGroup;
			children = (
				10133AA31E48F39500A33207 /* GAI.h */,
				10133AA41E48F39500A33207 /* GAIDictionaryBuilder.h */,
				10133AA51E48F39500A33207 /* GAIEcommerceFields.h */,
				10133AA61E48F39500A33207 /* GAIEcommerceProduct.h */,
				10133AA71E48F39500A33207 /* GAIEcommerceProductAction.h */,
				10133AA81E48F39500A33207 /* GAIEcommercePromotion.h */,
				10133AA91E48F39500A33207 /* GAIFields.h */,
				10133AAA1E48F39500A33207 /* GAILogger.h */,
				10133AAB1E48F39500A33207 /* GAITrackedViewController.h */,
				10133AAC1E48F39500A33207 /* GAITracker.h */,
				10133AAD1E48F39500A33207 /* libAdIdAccess.a */,
				10133AAE1E48F39500A33207 /* libGoogleAnalyticsServices.a */,
				10133AAF1E48F39500A33207 /* TAGContainer.h */,
				10133AB01E48F39500A33207 /* TAGContainerOpener.h */,
				10133AB11E48F39500A33207 /* TAGDataLayer.h */,
				10133AB21E48F39500A33207 /* TAGLogger.h */,
				10133AB31E48F39500A33207 /* TAGManager.h */,
			);
			path = GASDK;
			sourceTree = "<group>";
		};
		1024C2C21E59407D00B801FF /* Categories */ = {
			isa = PBXGroup;
			children = (
				1024C2C31E59407D00B801FF /* UIDevice+SystemVersion.h */,
				1024C2C41E59407D00B801FF /* UIDevice+SystemVersion.m */,
				70A98DEF1E65F0600088DC38 /* TAGDataLayer+CustomProperties.h */,
				70A98DF01E65F0600088DC38 /* TAGDataLayer+CustomProperties.m */,
			);
			path = Categories;
			sourceTree = "<group>";
		};
		109E51131E4F79350044305D /* Viewer */ = {
			isa = PBXGroup;
			children = (
				109E51141E4F79350044305D /* DataAccessLayer */,
				109E511E1E4F79350044305D /* UI */,
				109E51211E4F79350044305D /* ViewModels */,
			);
			path = Viewer;
			sourceTree = "<group>";
		};
		109E51141E4F79350044305D /* DataAccessLayer */ = {
			isa = PBXGroup;
			children = (
				109E51151E4F79350044305D /* ArrayDataSource.h */,
				109E51161E4F79350044305D /* ArrayDataSource.m */,
				109E51171E4F79350044305D /* DataSourceFabric.h */,
				109E51181E4F79350044305D /* DataSourceFabric.m */,
				109E51191E4F79350044305D /* DataSourceProtocol.h */,
				109E511A1E4F79350044305D /* DictionaryDataSource.h */,
				109E511B1E4F79350044305D /* DictionaryDataSource.m */,
				109E511C1E4F79350044305D /* HistoryDataSource.h */,
				109E511D1E4F79350044305D /* HistoryDataSource.m */,
			);
			path = DataAccessLayer;
			sourceTree = "<group>";
		};
		109E511E1E4F79350044305D /* UI */ = {
			isa = PBXGroup;
			children = (
				109E511F1E4F79350044305D /* ViewController.h */,
				109E51201E4F79350044305D /* ViewController.m */,
			);
			path = UI;
			sourceTree = "<group>";
		};
		109E51211E4F79350044305D /* ViewModels */ = {
			isa = PBXGroup;
			children = (
				109E51221E4F79350044305D /* ViewModel.h */,
				109E51231E4F79350044305D /* ViewModel.m */,
			);
			path = ViewModels;
			sourceTree = "<group>";
		};
		109E51241E4F79350044305D /* Model */ = {
			isa = PBXGroup;
			children = (
				109E51251E4F79350044305D /* EventHistoryElement.h */,
				109E51261E4F79350044305D /* EventHistoryElement.m */,
			);
			path = Model;
			sourceTree = "<group>";
		};
		109E51271E4F79350044305D /* Logger */ = {
			isa = PBXGroup;
			children = (
				109E51281E4F79350044305D /* DataLayerHistoryWriter.h */,
				109E51291E4F79350044305D /* DataLayerHistoryWriter.m */,
				109E512A1E4F79350044305D /* DataLayerObserver.h */,
				109E512B1E4F79350044305D /* DataLayerObserver.m */,
			);
			path = Logger;
			sourceTree = "<group>";
		};
		109E512C1E4F79350044305D /* Store */ = {
			isa = PBXGroup;
			children = (
				109E512D1E4F79350044305D /* MemoryEventsHistoryStore.h */,
				109E512E1E4F79350044305D /* MemoryEventsHistoryStore.m */,
				109E512F1E4F79350044305D /* StoreProtocol.h */,
			);
			path = Store;
			sourceTree = "<group>";
		};
		10A684A51E48F72D00702265 /* Frameworks */ = {
			isa = PBXGroup;
			children = (
				10FE113E1E4FAB4F008C2437 /* AdSupport.framework */,
				10A684AE1E48F81200702265 /* SystemConfiguration.framework */,
				10A684AC1E48F7D700702265 /* CoreData.framework */,
				10A684A81E48F73600702265 /* libz.tbd */,
				10A684A61E48F72E00702265 /* libsqlite3.tbd */,
				4FB0507C30EF3DF8823A535C /* libPods-XZDataLayerViewerTests.a */,
			);
			name = Frameworks;
			sourceTree = "<group>";
		};
		FB575A48F118CCAA6B53EC5E /* Pods */ = {
			isa = PBXGroup;
			children = (
				6A81FE06223BE4DE47AF516F /* Pods-XZDataLayerViewerTests.debug.xcconfig */,
				F3FD318C749F2511A704AD4B /* Pods-XZDataLayerViewerTests.release.xcconfig */,
			);
			name = Pods;
			sourceTree = "<group>";
		};
/* End PBXGroup section */

/* Begin PBXNativeTarget section */
		10133A6B1E48F30100A33207 /* XZDataLayerViewer */ = {
			isa = PBXNativeTarget;
			buildConfigurationList = 10133A991E48F30100A33207 /* Build configuration list for PBXNativeTarget "XZDataLayerViewer" */;
			buildPhases = (
				10133A681E48F30100A33207 /* Sources */,
				10133A691E48F30100A33207 /* Frameworks */,
				10133A6A1E48F30100A33207 /* Resources */,
			);
			buildRules = (
			);
			dependencies = (
			);
			name = XZDataLayerViewer;
			productName = XZDataLayerViewer;
			productReference = 10133A6C1E48F30100A33207 /* XZDataLayerViewer.app */;
			productType = "com.apple.product-type.application";
		};
		10133A841E48F30100A33207 /* XZDataLayerViewerUnitTests */ = {
			isa = PBXNativeTarget;
			buildConfigurationList = 10133A9C1E48F30100A33207 /* Build configuration list for PBXNativeTarget "XZDataLayerViewerUnitTests" */;
			buildPhases = (
				49C1367C93A7A20CE1C935B0 /* [CP] Check Pods Manifest.lock */,
				10133A811E48F30100A33207 /* Sources */,
				10133A821E48F30100A33207 /* Frameworks */,
				10133A831E48F30100A33207 /* Resources */,
				F88097EE51654E7248E1EAFE /* [CP] Embed Pods Frameworks */,
				90BC21F44C8CB82E7E5D0059 /* [CP] Copy Pods Resources */,
			);
			buildRules = (
			);
			dependencies = (
			);
			name = XZDataLayerViewerUnitTests;
			productName = XZDataLayerViewerTests;
			productReference = 10133A851E48F30100A33207 /* XZDataLayerViewerUnitTests.xctest */;
			productType = "com.apple.product-type.bundle.unit-test";
		};
		10133A8F1E48F30100A33207 /* XZDataLayerViewerUITests */ = {
			isa = PBXNativeTarget;
			buildConfigurationList = 10133A9F1E48F30100A33207 /* Build configuration list for PBXNativeTarget "XZDataLayerViewerUITests" */;
			buildPhases = (
				10133A8C1E48F30100A33207 /* Sources */,
				10133A8D1E48F30100A33207 /* Frameworks */,
				10133A8E1E48F30100A33207 /* Resources */,
			);
			buildRules = (
			);
			dependencies = (
				10133A921E48F30100A33207 /* PBXTargetDependency */,
			);
			name = XZDataLayerViewerUITests;
			productName = XZDataLayerViewerUITests;
			productReference = 10133A901E48F30100A33207 /* XZDataLayerViewerUITests.xctest */;
			productType = "com.apple.product-type.bundle.ui-testing";
		};
/* End PBXNativeTarget section */

/* Begin PBXProject section */
		10133A641E48F30100A33207 /* Project object */ = {
			isa = PBXProject;
			attributes = {
				LastUpgradeCheck = 0810;
				ORGANIZATIONNAME = "XZone Software";
				TargetAttributes = {
					10133A6B1E48F30100A33207 = {
						CreatedOnToolsVersion = 8.1;
						ProvisioningStyle = Automatic;
					};
					10133A841E48F30100A33207 = {
						CreatedOnToolsVersion = 8.1;
						ProvisioningStyle = Automatic;
					};
					10133A8F1E48F30100A33207 = {
						CreatedOnToolsVersion = 8.1;
						ProvisioningStyle = Automatic;
						TestTargetID = 10133A6B1E48F30100A33207;
					};
				};
			};
			buildConfigurationList = 10133A671E48F30100A33207 /* Build configuration list for PBXProject "XZDataLayerViewer" */;
			compatibilityVersion = "Xcode 3.2";
			developmentRegion = English;
			hasScannedForEncodings = 0;
			knownRegions = (
				en,
				Base,
			);
			mainGroup = 10133A631E48F30100A33207;
			productRefGroup = 10133A6D1E48F30100A33207 /* Products */;
			projectDirPath = "";
			projectRoot = "";
			targets = (
				10133A6B1E48F30100A33207 /* XZDataLayerViewer */,
				10133A841E48F30100A33207 /* XZDataLayerViewerUnitTests */,
				10133A8F1E48F30100A33207 /* XZDataLayerViewerUITests */,
			);
		};
/* End PBXProject section */

/* Begin PBXResourcesBuildPhase section */
		10133A6A1E48F30100A33207 /* Resources */ = {
			isa = PBXResourcesBuildPhase;
			buildActionMask = 2147483647;
			files = (
				10133A7C1E48F30100A33207 /* Assets.xcassets in Resources */,
			);
			runOnlyForDeploymentPostprocessing = 0;
		};
		10133A831E48F30100A33207 /* Resources */ = {
			isa = PBXResourcesBuildPhase;
			buildActionMask = 2147483647;
			files = (
			);
			runOnlyForDeploymentPostprocessing = 0;
		};
		10133A8E1E48F30100A33207 /* Resources */ = {
			isa = PBXResourcesBuildPhase;
			buildActionMask = 2147483647;
			files = (
			);
			runOnlyForDeploymentPostprocessing = 0;
		};
/* End PBXResourcesBuildPhase section */

/* Begin PBXShellScriptBuildPhase section */
		49C1367C93A7A20CE1C935B0 /* [CP] Check Pods Manifest.lock */ = {
			isa = PBXShellScriptBuildPhase;
			buildActionMask = 2147483647;
			files = (
			);
			inputPaths = (
			);
			name = "[CP] Check Pods Manifest.lock";
			outputPaths = (
			);
			runOnlyForDeploymentPostprocessing = 0;
			shellPath = /bin/sh;
			shellScript = "diff \"${PODS_ROOT}/../Podfile.lock\" \"${PODS_ROOT}/Manifest.lock\" > /dev/null\nif [ $? != 0 ] ; then\n    # print error to STDERR\n    echo \"error: The sandbox is not in sync with the Podfile.lock. Run 'pod install' or update your CocoaPods installation.\" >&2\n    exit 1\nfi\n";
			showEnvVarsInLog = 0;
		};
		90BC21F44C8CB82E7E5D0059 /* [CP] Copy Pods Resources */ = {
			isa = PBXShellScriptBuildPhase;
			buildActionMask = 2147483647;
			files = (
			);
			inputPaths = (
			);
			name = "[CP] Copy Pods Resources";
			outputPaths = (
			);
			runOnlyForDeploymentPostprocessing = 0;
			shellPath = /bin/sh;
			shellScript = "\"${SRCROOT}/Pods/Target Support Files/Pods-XZDataLayerViewerTests/Pods-XZDataLayerViewerTests-resources.sh\"\n";
			showEnvVarsInLog = 0;
		};
		F88097EE51654E7248E1EAFE /* [CP] Embed Pods Frameworks */ = {
			isa = PBXShellScriptBuildPhase;
			buildActionMask = 2147483647;
			files = (
			);
			inputPaths = (
			);
			name = "[CP] Embed Pods Frameworks";
			outputPaths = (
			);
			runOnlyForDeploymentPostprocessing = 0;
			shellPath = /bin/sh;
			shellScript = "\"${SRCROOT}/Pods/Target Support Files/Pods-XZDataLayerViewerTests/Pods-XZDataLayerViewerTests-frameworks.sh\"\n";
			showEnvVarsInLog = 0;
		};
/* End PBXShellScriptBuildPhase section */

/* Begin PBXSourcesBuildPhase section */
		10133A681E48F30100A33207 /* Sources */ = {
			isa = PBXSourcesBuildPhase;
			buildActionMask = 2147483647;
			files = (
				109E513C1E4F79350044305D /* ViewController.m in Sources */,
				109E51301E4F79350044305D /* ArrayDataSource.m in Sources */,
				109E51421E4F79350044305D /* EventHistoryElement.m in Sources */,
				109E513F1E4F79350044305D /* ViewModel.m in Sources */,
				109E51481E4F79350044305D /* DataLayerObserver.m in Sources */,
				70A98DF11E65F0600088DC38 /* TAGDataLayer+CustomProperties.m in Sources */,
				10133A741E48F30100A33207 /* AppDelegate.m in Sources */,
				109E514B1E4F79350044305D /* MemoryEventsHistoryStore.m in Sources */,
				10133A711E48F30100A33207 /* main.m in Sources */,
				109E51391E4F79350044305D /* HistoryDataSource.m in Sources */,
				1024C2C51E59407D00B801FF /* UIDevice+SystemVersion.m in Sources */,
				109E51451E4F79350044305D /* DataLayerHistoryWriter.m in Sources */,
				109E51331E4F79350044305D /* DataSourceFabric.m in Sources */,
				109E51361E4F79350044305D /* DictionaryDataSource.m in Sources */,
			);
			runOnlyForDeploymentPostprocessing = 0;
		};
		10133A811E48F30100A33207 /* Sources */ = {
			isa = PBXSourcesBuildPhase;
			buildActionMask = 2147483647;
			files = (
				7034623B1E660FEB00FFEEAF /* ArrayDataSource.m in Sources */,
				7034623C1E660FEB00FFEEAF /* DataSourceFabric.m in Sources */,
				70FA92551E67D2180019680F /* ArrayDataSourceTest.m in Sources */,
				7034623D1E660FEB00FFEEAF /* DictionaryDataSource.m in Sources */,
				7034623E1E660FEB00FFEEAF /* HistoryDataSource.m in Sources */,
				7034623F1E660FEB00FFEEAF /* ViewController.m in Sources */,
				703462401E660FEB00FFEEAF /* ViewModel.m in Sources */,
				703462411E660FEB00FFEEAF /* EventHistoryElement.m in Sources */,
				703462421E660FEB00FFEEAF /* DataLayerHistoryWriter.m in Sources */,
				703462431E660FEB00FFEEAF /* DataLayerObserver.m in Sources */,
				703462441E660FEB00FFEEAF /* MemoryEventsHistoryStore.m in Sources */,
				703462451E660FEB00FFEEAF /* UIDevice+SystemVersion.m in Sources */,
				703462461E660FEB00FFEEAF /* TAGDataLayer+CustomProperties.m in Sources */,
				7010CD241E667BFB00845CF2 /* MemoryEventsHistoryStoreTest.m in Sources */,
				70FA92531E67CD1B0019680F /* DataSourceFabricTest.m in Sources */,
				708F18981E65F3F9008661C2 /* TAGDataLayer+CustomPropertiesTest.m in Sources */,
				10FE113A1E4FA288008C2437 /* EventHistoryElementTest.m in Sources */,
				7080A83E1E5E367D0046189A /* UIDevice+SystemVersionTest.m in Sources */,
				10FE11411E4FB06B008C2437 /* DataLayerHistoryWriterTest.m in Sources */,
				709AC4961E652E7F00B8F34B /* DataLayerObserverTest.m in Sources */,
			);
			runOnlyForDeploymentPostprocessing = 0;
		};
		10133A8C1E48F30100A33207 /* Sources */ = {
			isa = PBXSourcesBuildPhase;
			buildActionMask = 2147483647;
			files = (
				10133A951E48F30100A33207 /* XZDataLayerViewerUITests.m in Sources */,
			);
			runOnlyForDeploymentPostprocessing = 0;
		};
/* End PBXSourcesBuildPhase section */

/* Begin PBXTargetDependency section */
		10133A921E48F30100A33207 /* PBXTargetDependency */ = {
			isa = PBXTargetDependency;
			target = 10133A6B1E48F30100A33207 /* XZDataLayerViewer */;
			targetProxy = 10133A911E48F30100A33207 /* PBXContainerItemProxy */;
		};
/* End PBXTargetDependency section */

/* Begin XCBuildConfiguration section */
		10133A971E48F30100A33207 /* Debug */ = {
			isa = XCBuildConfiguration;
			buildSettings = {
				ALWAYS_SEARCH_USER_PATHS = NO;
				CLANG_ANALYZER_NONNULL = YES;
				CLANG_CXX_LANGUAGE_STANDARD = "gnu++0x";
				CLANG_CXX_LIBRARY = "libc++";
				CLANG_ENABLE_MODULES = YES;
				CLANG_ENABLE_OBJC_ARC = YES;
				CLANG_WARN_BOOL_CONVERSION = YES;
				CLANG_WARN_CONSTANT_CONVERSION = YES;
				CLANG_WARN_DIRECT_OBJC_ISA_USAGE = YES_ERROR;
				CLANG_WARN_DOCUMENTATION_COMMENTS = YES;
				CLANG_WARN_EMPTY_BODY = YES;
				CLANG_WARN_ENUM_CONVERSION = YES;
				CLANG_WARN_INFINITE_RECURSION = YES;
				CLANG_WARN_INT_CONVERSION = YES;
				CLANG_WARN_OBJC_ROOT_CLASS = YES_ERROR;
				CLANG_WARN_SUSPICIOUS_MOVES = YES;
				CLANG_WARN_UNREACHABLE_CODE = YES;
				CLANG_WARN__DUPLICATE_METHOD_MATCH = YES;
				"CODE_SIGN_IDENTITY[sdk=iphoneos*]" = "iPhone Developer";
				COPY_PHASE_STRIP = NO;
				DEBUG_INFORMATION_FORMAT = dwarf;
				ENABLE_STRICT_OBJC_MSGSEND = YES;
				ENABLE_TESTABILITY = YES;
				GCC_C_LANGUAGE_STANDARD = gnu99;
				GCC_DYNAMIC_NO_PIC = NO;
				GCC_NO_COMMON_BLOCKS = YES;
				GCC_OPTIMIZATION_LEVEL = 0;
				GCC_PREPROCESSOR_DEFINITIONS = (
					"DEBUG=1",
					"$(inherited)",
				);
				GCC_WARN_64_TO_32_BIT_CONVERSION = YES;
				GCC_WARN_ABOUT_RETURN_TYPE = YES_ERROR;
				GCC_WARN_UNDECLARED_SELECTOR = YES;
				GCC_WARN_UNINITIALIZED_AUTOS = YES_AGGRESSIVE;
				GCC_WARN_UNUSED_FUNCTION = YES;
				GCC_WARN_UNUSED_VARIABLE = YES;
				IPHONEOS_DEPLOYMENT_TARGET = 10.1;
				MTL_ENABLE_DEBUG_INFO = YES;
				ONLY_ACTIVE_ARCH = YES;
				SDKROOT = iphoneos;
				TARGETED_DEVICE_FAMILY = "1,2";
			};
			name = Debug;
		};
		10133A981E48F30100A33207 /* Release */ = {
			isa = XCBuildConfiguration;
			buildSettings = {
				ALWAYS_SEARCH_USER_PATHS = NO;
				CLANG_ANALYZER_NONNULL = YES;
				CLANG_CXX_LANGUAGE_STANDARD = "gnu++0x";
				CLANG_CXX_LIBRARY = "libc++";
				CLANG_ENABLE_MODULES = YES;
				CLANG_ENABLE_OBJC_ARC = YES;
				CLANG_WARN_BOOL_CONVERSION = YES;
				CLANG_WARN_CONSTANT_CONVERSION = YES;
				CLANG_WARN_DIRECT_OBJC_ISA_USAGE = YES_ERROR;
				CLANG_WARN_DOCUMENTATION_COMMENTS = YES;
				CLANG_WARN_EMPTY_BODY = YES;
				CLANG_WARN_ENUM_CONVERSION = YES;
				CLANG_WARN_INFINITE_RECURSION = YES;
				CLANG_WARN_INT_CONVERSION = YES;
				CLANG_WARN_OBJC_ROOT_CLASS = YES_ERROR;
				CLANG_WARN_SUSPICIOUS_MOVES = YES;
				CLANG_WARN_UNREACHABLE_CODE = YES;
				CLANG_WARN__DUPLICATE_METHOD_MATCH = YES;
				"CODE_SIGN_IDENTITY[sdk=iphoneos*]" = "iPhone Developer";
				COPY_PHASE_STRIP = NO;
				DEBUG_INFORMATION_FORMAT = "dwarf-with-dsym";
				ENABLE_NS_ASSERTIONS = NO;
				ENABLE_STRICT_OBJC_MSGSEND = YES;
				GCC_C_LANGUAGE_STANDARD = gnu99;
				GCC_NO_COMMON_BLOCKS = YES;
				GCC_WARN_64_TO_32_BIT_CONVERSION = YES;
				GCC_WARN_ABOUT_RETURN_TYPE = YES_ERROR;
				GCC_WARN_UNDECLARED_SELECTOR = YES;
				GCC_WARN_UNINITIALIZED_AUTOS = YES_AGGRESSIVE;
				GCC_WARN_UNUSED_FUNCTION = YES;
				GCC_WARN_UNUSED_VARIABLE = YES;
				IPHONEOS_DEPLOYMENT_TARGET = 10.1;
				MTL_ENABLE_DEBUG_INFO = NO;
				SDKROOT = iphoneos;
				TARGETED_DEVICE_FAMILY = "1,2";
				VALIDATE_PRODUCT = YES;
			};
			name = Release;
		};
		10133A9A1E48F30100A33207 /* Debug */ = {
			isa = XCBuildConfiguration;
			buildSettings = {
				ASSETCATALOG_COMPILER_APPICON_NAME = AppIcon;
				"CODE_SIGN_IDENTITY[sdk=iphoneos*]" = "iPhone Developer";
				DEVELOPMENT_TEAM = "";
				INFOPLIST_FILE = XZDataLayerViewer/Info.plist;
				IPHONEOS_DEPLOYMENT_TARGET = 8.0;
				LD_RUNPATH_SEARCH_PATHS = "$(inherited) @executable_path/Frameworks";
				LIBRARY_SEARCH_PATHS = (
					"$(inherited)",
					"$(PROJECT_DIR)/XZDataLayerViewer/GASDK",
				);
				PRODUCT_BUNDLE_IDENTIFIER = com.xzonesoftware.XZDataLayerViewer;
				PRODUCT_NAME = "$(TARGET_NAME)";
				TARGETED_DEVICE_FAMILY = "1,2";
			};
			name = Debug;
		};
		10133A9B1E48F30100A33207 /* Release */ = {
			isa = XCBuildConfiguration;
			buildSettings = {
				ASSETCATALOG_COMPILER_APPICON_NAME = AppIcon;
				"CODE_SIGN_IDENTITY[sdk=iphoneos*]" = "iPhone Developer";
				DEVELOPMENT_TEAM = "";
				INFOPLIST_FILE = XZDataLayerViewer/Info.plist;
				IPHONEOS_DEPLOYMENT_TARGET = 8.0;
				LD_RUNPATH_SEARCH_PATHS = "$(inherited) @executable_path/Frameworks";
				LIBRARY_SEARCH_PATHS = (
					"$(inherited)",
					"$(PROJECT_DIR)/XZDataLayerViewer/GASDK",
				);
				PRODUCT_BUNDLE_IDENTIFIER = com.xzonesoftware.XZDataLayerViewer;
				PRODUCT_NAME = "$(TARGET_NAME)";
				TARGETED_DEVICE_FAMILY = "1,2";
			};
			name = Release;
		};
		10133A9D1E48F30100A33207 /* Debug */ = {
			isa = XCBuildConfiguration;
			baseConfigurationReference = 6A81FE06223BE4DE47AF516F /* Pods-XZDataLayerViewerTests.debug.xcconfig */;
			buildSettings = {
				DEVELOPMENT_TEAM = "";
				GCC_PRECOMPILE_PREFIX_HEADER = YES;
				GCC_PREFIX_HEADER = "$(PROJECT_DIR)/XZDataLayerViewerTests/TestsPrefix.pch";
				INFOPLIST_FILE = XZDataLayerViewerTests/Info.plist;
				IPHONEOS_DEPLOYMENT_TARGET = 8.0;
				LD_RUNPATH_SEARCH_PATHS = "$(inherited) @executable_path/Frameworks @loader_path/Frameworks";
				LIBRARY_SEARCH_PATHS = (
					"$(inherited)",
					"$(PROJECT_DIR)/XZDataLayerViewer/GASDK",
				);
				PRODUCT_BUNDLE_IDENTIFIER = com.xzonesoftware.XZDataLayerViewerTests;
				PRODUCT_NAME = "$(TARGET_NAME)";
			};
			name = Debug;
		};
		10133A9E1E48F30100A33207 /* Release */ = {
			isa = XCBuildConfiguration;
			baseConfigurationReference = F3FD318C749F2511A704AD4B /* Pods-XZDataLayerViewerTests.release.xcconfig */;
			buildSettings = {
				DEVELOPMENT_TEAM = "";
				GCC_PRECOMPILE_PREFIX_HEADER = YES;
				GCC_PREFIX_HEADER = "$(PROJECT_DIR)/XZDataLayerViewerTests/TestsPrefix.pch";
				INFOPLIST_FILE = XZDataLayerViewerTests/Info.plist;
				IPHONEOS_DEPLOYMENT_TARGET = 8.0;
				LD_RUNPATH_SEARCH_PATHS = "$(inherited) @executable_path/Frameworks @loader_path/Frameworks";
				LIBRARY_SEARCH_PATHS = (
					"$(inherited)",
					"$(PROJECT_DIR)/XZDataLayerViewer/GASDK",
				);
				PRODUCT_BUNDLE_IDENTIFIER = com.xzonesoftware.XZDataLayerViewerTests;
				PRODUCT_NAME = "$(TARGET_NAME)";
			};
			name = Release;
		};
		10133AA01E48F30100A33207 /* Debug */ = {
			isa = XCBuildConfiguration;
			buildSettings = {
				DEVELOPMENT_TEAM = "";
				INFOPLIST_FILE = XZDataLayerViewerUITests/Info.plist;
				IPHONEOS_DEPLOYMENT_TARGET = 8.0;
				LD_RUNPATH_SEARCH_PATHS = "$(inherited) @executable_path/Frameworks @loader_path/Frameworks";
				LIBRARY_SEARCH_PATHS = (
					"$(inherited)",
					"$(PROJECT_DIR)/XZDataLayerViewer/GASDK",
				);
				PRODUCT_BUNDLE_IDENTIFIER = com.xzonesoftware.XZDataLayerViewerUITests;
				PRODUCT_NAME = "$(TARGET_NAME)";
				TEST_TARGET_NAME = XZDataLayerViewer;
			};
			name = Debug;
		};
		10133AA11E48F30100A33207 /* Release */ = {
			isa = XCBuildConfiguration;
			buildSettings = {
				DEVELOPMENT_TEAM = "";
				INFOPLIST_FILE = XZDataLayerViewerUITests/Info.plist;
				IPHONEOS_DEPLOYMENT_TARGET = 8.0;
				LD_RUNPATH_SEARCH_PATHS = "$(inherited) @executable_path/Frameworks @loader_path/Frameworks";
				LIBRARY_SEARCH_PATHS = (
					"$(inherited)",
					"$(PROJECT_DIR)/XZDataLayerViewer/GASDK",
				);
				PRODUCT_BUNDLE_IDENTIFIER = com.xzonesoftware.XZDataLayerViewerUITests;
				PRODUCT_NAME = "$(TARGET_NAME)";
				TEST_TARGET_NAME = XZDataLayerViewer;
			};
			name = Release;
		};
/* End XCBuildConfiguration section */

/* Begin XCConfigurationList section */
		10133A671E48F30100A33207 /* Build configuration list for PBXProject "XZDataLayerViewer" */ = {
			isa = XCConfigurationList;
			buildConfigurations = (
				10133A971E48F30100A33207 /* Debug */,
				10133A981E48F30100A33207 /* Release */,
			);
			defaultConfigurationIsVisible = 0;
			defaultConfigurationName = Release;
		};
		10133A991E48F30100A33207 /* Build configuration list for PBXNativeTarget "XZDataLayerViewer" */ = {
			isa = XCConfigurationList;
			buildConfigurations = (
				10133A9A1E48F30100A33207 /* Debug */,
				10133A9B1E48F30100A33207 /* Release */,
			);
			defaultConfigurationIsVisible = 0;
			defaultConfigurationName = Release;
		};
		10133A9C1E48F30100A33207 /* Build configuration list for PBXNativeTarget "XZDataLayerViewerUnitTests" */ = {
			isa = XCConfigurationList;
			buildConfigurations = (
				10133A9D1E48F30100A33207 /* Debug */,
				10133A9E1E48F30100A33207 /* Release */,
			);
			defaultConfigurationIsVisible = 0;
			defaultConfigurationName = Release;
		};
		10133A9F1E48F30100A33207 /* Build configuration list for PBXNativeTarget "XZDataLayerViewerUITests" */ = {
			isa = XCConfigurationList;
			buildConfigurations = (
				10133AA01E48F30100A33207 /* Debug */,
				10133AA11E48F30100A33207 /* Release */,
			);
			defaultConfigurationIsVisible = 0;
			defaultConfigurationName = Release;
		};
/* End XCConfigurationList section */
	};
	rootObject = 10133A641E48F30100A33207 /* Project object */;
}
